
Microsoft Visual Studio Solution File, Format Version 12.00
# Visual Studio 15
VisualStudioVersion = 15.0.28307.136
MinimumVisualStudioVersion = 10.0.40219.1
Project("{FAE04EC0-301F-11D3-BF4B-00C04F79EFBC}") = "New fetchWeb", "New fetchWeb\New fetchWeb.csproj", "{03A94F44-1DAF-4762-9046-8B351961047C}"
EndProject
Global
	GlobalSection(SolutionConfigurationPlatforms) = preSolution
		Debug|Any CPU = Debug|Any CPU
		Release|Any CPU = Release|Any CPU
	EndGlobalSection
	GlobalSection(ProjectConfigurationPlatforms) = postSolution
		{03A94F44-1DAF-4762-9046-8B351961047C}.Debug|Any CPU.ActiveCfg = Debug|Any CPU
		{03A94F44-1DAF-4762-9046-8B351961047C}.Debug|Any CPU.Build.0 = Debug|Any CPU
		{03A94F44-1DAF-4762-9046-8B351961047C}.Release|Any CPU.ActiveCfg = Release|Any CPU
		{03A94F44-1DAF-4762-9046-8B351961047C}.Release|Any CPU.Build.0 = Release|Any CPU
	EndGlobalSection
	GlobalSection(SolutionProperties) = preSolution
		HideSolutionNode = FALSE
	EndGlobalSection
	GlobalSection(ExtensibilityGlobals) = postSolution
		SolutionGuid = {C2FDCF2E-4700-4021-862C-EFDE76D87CDC}
	EndGlobalSection
EndGlobal
